
Microsoft Visual Studio Solution File, Format Version 12.00
# Visual Studio Version 16
VisualStudioVersion = 16.0.29613.14
MinimumVisualStudioVersion = 10.0.40219.1
Project("{9A19103F-16F7-4668-BE54-9A1E7A4F7556}") = "BattleShip.Console", "BattleShip\BattleShip.Console.csproj", "{D5DA21C4-863F-49CF-95B8-7A76A69FDDCD}"
EndProject
Project("{9A19103F-16F7-4668-BE54-9A1E7A4F7556}") = "BattleShip.Entities", "BattleShip.Entities\BattleShip.Entities.csproj", "{26CB3434-68F3-416A-B916-B04F15178094}"
EndProject
Project("{9A19103F-16F7-4668-BE54-9A1E7A4F7556}") = "BattleShip.Business", "BattleShip.Business\BattleShip.Business.csproj", "{5548B244-4318-41B0-8CB8-E027C152F804}"
EndProject
Project("{9A19103F-16F7-4668-BE54-9A1E7A4F7556}") = "BattleShip.Utility", "BattleShip.Utility\BattleShip.Utility.csproj", "{3E850A8C-955E-4061-A4D5-3EFDBAC50B5D}"
EndProject
Project("{FAE04EC0-301F-11D3-BF4B-00C04F79EFBC}") = "BattleShip.Tests", "BattleShip.Tests\BattleShip.Tests.csproj", "{9867E8EB-B549-4879-BF02-4B3FA0FF7902}"
EndProject
Global
	GlobalSection(SolutionConfigurationPlatforms) = preSolution
		Debug|Any CPU = Debug|Any CPU
		Release|Any CPU = Release|Any CPU
	EndGlobalSection
	GlobalSection(ProjectConfigurationPlatforms) = postSolution
		{D5DA21C4-863F-49CF-95B8-7A76A69FDDCD}.Debug|Any CPU.ActiveCfg = Debug|Any CPU
		{D5DA21C4-863F-49CF-95B8-7A76A69FDDCD}.Debug|Any CPU.Build.0 = Debug|Any CPU
		{D5DA21C4-863F-49CF-95B8-7A76A69FDDCD}.Release|Any CPU.ActiveCfg = Release|Any CPU
		{D5DA21C4-863F-49CF-95B8-7A76A69FDDCD}.Release|Any CPU.Build.0 = Release|Any CPU
		{26CB3434-68F3-416A-B916-B04F15178094}.Debug|Any CPU.ActiveCfg = Debug|Any CPU
		{26CB3434-68F3-416A-B916-B04F15178094}.Debug|Any CPU.Build.0 = Debug|Any CPU
		{26CB3434-68F3-416A-B916-B04F15178094}.Release|Any CPU.ActiveCfg = Release|Any CPU
		{26CB3434-68F3-416A-B916-B04F15178094}.Release|Any CPU.Build.0 = Release|Any CPU
		{5548B244-4318-41B0-8CB8-E027C152F804}.Debug|Any CPU.ActiveCfg = Debug|Any CPU
		{5548B244-4318-41B0-8CB8-E027C152F804}.Debug|Any CPU.Build.0 = Debug|Any CPU
		{5548B244-4318-41B0-8CB8-E027C152F804}.Release|Any CPU.ActiveCfg = Release|Any CPU
		{5548B244-4318-41B0-8CB8-E027C152F804}.Release|Any CPU.Build.0 = Release|Any CPU
		{3E850A8C-955E-4061-A4D5-3EFDBAC50B5D}.Debug|Any CPU.ActiveCfg = Debug|Any CPU
		{3E850A8C-955E-4061-A4D5-3EFDBAC50B5D}.Debug|Any CPU.Build.0 = Debug|Any CPU
		{3E850A8C-955E-4061-A4D5-3EFDBAC50B5D}.Release|Any CPU.ActiveCfg = Release|Any CPU
		{3E850A8C-955E-4061-A4D5-3EFDBAC50B5D}.Release|Any CPU.Build.0 = Release|Any CPU
		{9867E8EB-B549-4879-BF02-4B3FA0FF7902}.Debug|Any CPU.ActiveCfg = Debug|Any CPU
		{9867E8EB-B549-4879-BF02-4B3FA0FF7902}.Debug|Any CPU.Build.0 = Debug|Any CPU
		{9867E8EB-B549-4879-BF02-4B3FA0FF7902}.Release|Any CPU.ActiveCfg = Release|Any CPU
		{9867E8EB-B549-4879-BF02-4B3FA0FF7902}.Release|Any CPU.Build.0 = Release|Any CPU
	EndGlobalSection
	GlobalSection(SolutionProperties) = preSolution
		HideSolutionNode = FALSE
	EndGlobalSection
	GlobalSection(ExtensibilityGlobals) = postSolution
		SolutionGuid = {8C8D118D-53DA-4729-8952-512116867358}
	EndGlobalSection
EndGlobal
